
Microsoft Visual Studio Solution File, Format Version 12.00
# Visual Studio 2013
VisualStudioVersion = 12.0.31101.0
MinimumVisualStudioVersion = 10.0.40219.1
Project("{FAE04EC0-301F-11D3-BF4B-00C04F79EFBC}") = "getHtml", "getHtml\getHtml.csproj", "{92FCFF6D-C300-44ED-9475-A95360ED7AAE}"
EndProject
Project("{FAE04EC0-301F-11D3-BF4B-00C04F79EFBC}") = "word", "word\word\word.csproj", "{431B9D46-D2AA-4B41-BE80-4CF02D9A2A33}"
EndProject
Project("{2150E333-8FDC-42A3-9474-1A3956D46DE8}") = ".nuget", ".nuget", "{C7591A7A-4B2D-4347-BA57-0D705D45E4BB}"
	ProjectSection(SolutionItems) = preProject
		.nuget\NuGet.Config = .nuget\NuGet.Config
		.nuget\NuGet.exe = .nuget\NuGet.exe
		.nuget\NuGet.targets = .nuget\NuGet.targets
	EndProjectSection
EndProject
Global
	GlobalSection(SolutionConfigurationPlatforms) = preSolution
		Debug|Any CPU = Debug|Any CPU
		Debug|Mixed Platforms = Debug|Mixed Platforms
		Debug|x86 = Debug|x86
		Release|Any CPU = Release|Any CPU
		Release|Mixed Platforms = Release|Mixed Platforms
		Release|x86 = Release|x86
	EndGlobalSection
	GlobalSection(ProjectConfigurationPlatforms) = postSolution
		{92FCFF6D-C300-44ED-9475-A95360ED7AAE}.Debug|Any CPU.ActiveCfg = Debug|Any CPU
		{92FCFF6D-C300-44ED-9475-A95360ED7AAE}.Debug|Any CPU.Build.0 = Debug|Any CPU
		{92FCFF6D-C300-44ED-9475-A95360ED7AAE}.Debug|Mixed Platforms.ActiveCfg = Debug|Any CPU
		{92FCFF6D-C300-44ED-9475-A95360ED7AAE}.Debug|Mixed Platforms.Build.0 = Debug|Any CPU
		{92FCFF6D-C300-44ED-9475-A95360ED7AAE}.Debug|x86.ActiveCfg = Debug|Any CPU
		{92FCFF6D-C300-44ED-9475-A95360ED7AAE}.Release|Any CPU.ActiveCfg = Release|Any CPU
		{92FCFF6D-C300-44ED-9475-A95360ED7AAE}.Release|Any CPU.Build.0 = Release|Any CPU
		{92FCFF6D-C300-44ED-9475-A95360ED7AAE}.Release|Mixed Platforms.ActiveCfg = Release|Any CPU
		{92FCFF6D-C300-44ED-9475-A95360ED7AAE}.Release|Mixed Platforms.Build.0 = Release|Any CPU
		{92FCFF6D-C300-44ED-9475-A95360ED7AAE}.Release|x86.ActiveCfg = Release|Any CPU
		{431B9D46-D2AA-4B41-BE80-4CF02D9A2A33}.Debug|Any CPU.ActiveCfg = Debug|x86
		{431B9D46-D2AA-4B41-BE80-4CF02D9A2A33}.Debug|Mixed Platforms.ActiveCfg = Debug|x86
		{431B9D46-D2AA-4B41-BE80-4CF02D9A2A33}.Debug|Mixed Platforms.Build.0 = Debug|x86
		{431B9D46-D2AA-4B41-BE80-4CF02D9A2A33}.Debug|x86.ActiveCfg = Debug|x86
		{431B9D46-D2AA-4B41-BE80-4CF02D9A2A33}.Debug|x86.Build.0 = Debug|x86
		{431B9D46-D2AA-4B41-BE80-4CF02D9A2A33}.Release|Any CPU.ActiveCfg = Release|x86
		{431B9D46-D2AA-4B41-BE80-4CF02D9A2A33}.Release|Mixed Platforms.ActiveCfg = Release|x86
		{431B9D46-D2AA-4B41-BE80-4CF02D9A2A33}.Release|Mixed Platforms.Build.0 = Release|x86
		{431B9D46-D2AA-4B41-BE80-4CF02D9A2A33}.Release|x86.ActiveCfg = Release|x86
		{431B9D46-D2AA-4B41-BE80-4CF02D9A2A33}.Release|x86.Build.0 = Release|x86
	EndGlobalSection
	GlobalSection(SolutionProperties) = preSolution
		HideSolutionNode = FALSE
	EndGlobalSection
EndGlobal
